{
  "name": "master",
  "lockfileVersion": 2,
  "requires": true,
  "packages": {
    "": {
      "dependencies": {
        "@fortawesome/fontawesome-svg-core": "6.2.1",
        "@fortawesome/free-brands-svg-icons": "6.2.1",
        "@fortawesome/free-regular-svg-icons": "6.2.1",
        "@fortawesome/free-solid-svg-icons": "6.2.1",
        "@fortawesome/vue-fontawesome": "^2.0.6",
        "axios": "^0.26.1",
        "base64-arraybuffer": "^1.0.2",
        "bootstrap": "^4.6.1",
        "bootstrap-vue": "^2.21.2",
        "create-file-webpack": "^1.0.2",
        "dayjs": "^1.11.0",
        "pinia": "^2.0.26",
        "vue": "^2.7.13",
        "vue-class-component": "^7.2.6",
        "vue-cookie": "^1.1.4",
        "vue-i18n": "^8.27.1",
        "vue-infinite-loading": "^2.4.5",
        "vue-property-decorator": "^9.1.2",
        "vue-router": "^3.5.3",
        "vue2-filters": "^0.14.0",
        "vuedraggable": "^2.24.3",
        "vuelidate": "^0.7.7",
        "vuetify": "^2.6.11",
        "vuex": "^3.6.2",
        "webpack-permissions-plugin": "^1.0.8"
      }
    },
    ,
      "devDependencies": {
        "@rushstack/eslint-patch": "^1.1.1",
        "@types/jest": "^27.4.1",
        "@types/node": "^16.11.26",
        "@types/sinon": "^10.0.11",
        "@types/vuelidate": "^0.7.15",
        "@vue/eslint-config-prettier": "^7.0.0",
        "@vue/eslint-config-typescript": "^10.0.0",
        "@vue/test-utils": "^1.3.0",
        "autoprefixer": "^10.4.4",
        "axios-mock-adapter": "^1.20.0",
        "browser-sync-webpack-plugin": "^2.3.0",
        "concurrently": "^7.0.0",
        "copy-webpack-plugin": "^10.2.4",
        "css-loader": "^6.7.1",
        "css-minimizer-webpack-plugin": "^3.4.1",
        "eslint": "^8.12.0",
        "eslint-plugin-prettier": "^4.0.0",
        "eslint-plugin-vue": "^8.5.0",
        "fork-ts-checker-webpack-plugin": "^7.2.1",
        "generator-jhipster": "^7.8.0",
        "html-webpack-plugin": "^5.5.0",
        "jest": "^27.5.1",
        "jest-junit": "^13.0.0",
        "jest-serializer-vue": "^2.0.2",
        "jest-sonar-reporter": "^2.0.0",
        "jest-vue-preprocessor": "^1.7.1",
        "mini-css-extract-plugin": "^2.6.0",
        "numeral": "^2.0.6",
        "postcss-import": "^14.1.0",
        "postcss-loader": "^6.2.1",
        "postcss-url": "^10.1.3",
        "prettier": "^2.6.1",
        "prettier-plugin-packagejson": "^2.2.17",
        "rimraf": "^3.0.2",
        "sass": "^1.49.10",
        "sass-loader": "^12.6.0",
        "sinon": "^13.0.1",
        "swagger-ui-dist": "^4.10.0",
        "terser-webpack-plugin": "^5.3.1",
        "ts-jest": "^27.1.4",
        "ts-loader": "^9.2.8",
        "typescript": "^4.6.3",
        "vue-cli-plugin-vuetify": "~2.5.8",
        "vue-jest": "^3.0.7",
        "vue-loader": "^15.9.8",
        "vue-template-compiler": "^2.6.14",
        "vuetify-loader": "^1.7.0",
        "wait-on": "^6.0.1",
        "webpack": "^5.70.0",
        "webpack-bundle-analyzer": "^4.5.0",
        "webpack-cli": "^4.10.0",
        "webpack-dev-server": "^4.7.4",
        "webpack-merge": "^5.8.0",
        "workbox-webpack-plugin": "^6.5.2"
      },
    "node_modules/@babel/parser": {
      "version": "7.21.4",
      "resolved": "https://registry.npmjs.org/@babel/parser/-/parser-7.21.4.tgz",
      "integrity": "sha512-alVJj7k7zIxqBZ7BTRhz0IqJFxW1VJbm6N8JbcYhQ186df9ZBPbZBmWSqAMXwHGsCJdYks7z/voa3ibiS5bCIw==",
      "peer": true,
      "bin": {
        "parser": "bin/babel-parser.js"
      },
      "engines": {
        "node": ">=6.0.0"
      }
    },
    "node_modules/@vue/compiler-sfc": {
      "version": "2.7.14",
      "resolved": "https://registry.npmjs.org/@vue/compiler-sfc/-/compiler-sfc-2.7.14.tgz",
      "integrity": "sha512-aNmNHyLPsw+sVvlQFQ2/8sjNuLtK54TC6cuKnVzAY93ks4ZBrvwQSnkkIh7bsbNhum5hJBS00wSDipQ937f5DA==",
      "peer": true,
      "dependencies": {
        "@babel/parser": "^7.18.4",
        "postcss": "^8.4.14",
        "source-map": "^0.6.1"
      }
    },
    "node_modules/csstype": {
      "version": "3.1.2",
      "resolved": "https://registry.npmjs.org/csstype/-/csstype-3.1.2.tgz",
      "integrity": "sha512-I7K1Uu0MBPzaFKg4nI5Q7Vs2t+3gWWW648spaF+Rg7pI9ds18Ugn+lvg4SHczUdKlHI5LWBXyqfS8+DufyBsgQ==",
      "peer": true
    },
    "node_modules/nanoid": {
      "version": "3.3.6",
      "resolved": "https://registry.npmjs.org/nanoid/-/nanoid-3.3.6.tgz",
      "integrity": "sha512-BGcqMMJuToF7i1rt+2PWSNVnWIkGCU78jBG3RxO/bZlnZPK2Cmi2QaffxGO/2RvWi9sL+FAiRiXMgsyxQ1DIDA==",
      "funding": [
        {
          "type": "github",
          "url": "https://github.com/sponsors/ai"
        }
      ],
      "peer": true,
      "bin": {
        "nanoid": "bin/nanoid.cjs"
      },
      "engines": {
        "node": "^10 || ^12 || ^13.7 || ^14 || >=15.0.1"
      }
    },
    "node_modules/picocolors": {
      "version": "1.0.0",
      "resolved": "https://registry.npmjs.org/picocolors/-/picocolors-1.0.0.tgz",
      "integrity": "sha512-1fygroTLlHu66zi26VoTDv8yRgm0Fccecssto+MhsZ0D/DGW2sm8E8AjW7NU5VVTRt5GxbeZ5qBuJr+HyLYkjQ==",
      "peer": true
    },
    "node_modules/postcss": {
      "version": "8.4.23",
      "resolved": "https://registry.npmjs.org/postcss/-/postcss-8.4.23.tgz",
      "integrity": "sha512-bQ3qMcpF6A/YjR55xtoTr0jGOlnPOKAIMdOWiv0EIT6HVPEaJiJB4NLljSbiHoC2RX7DN5Uvjtpbg1NPdwv1oA==",
      "funding": [
        {
          "type": "opencollective",
          "url": "https://opencollective.com/postcss/"
        },
        {
          "type": "tidelift",
          "url": "https://tidelift.com/funding/github/npm/postcss"
        },
        {
          "type": "github",
          "url": "https://github.com/sponsors/ai"
        }
      ],
      "peer": true,
      "dependencies": {
        "nanoid": "^3.3.6",
        "picocolors": "^1.0.0",
        "source-map-js": "^1.0.2"
      },
      "engines": {
        "node": "^10 || ^12 || >=14"
      }
    },
    "node_modules/source-map": {
      "version": "0.6.1",
      "resolved": "https://registry.npmjs.org/source-map/-/source-map-0.6.1.tgz",
      "integrity": "sha512-UjgapumWlbMhkBgzT7Ykc5YXUT46F0iKu8SGXq0bcwP5dz/h0Plj6enJqjz1Zbq2l5WaqYnrVbwWOWMyF3F47g==",
      "peer": true,
      "engines": {
        "node": ">=0.10.0"
      }
    },
    "node_modules/source-map-js": {
      "version": "1.0.2",
      "resolved": "https://registry.npmjs.org/source-map-js/-/source-map-js-1.0.2.tgz",
      "integrity": "sha512-R0XvVJ9WusLiqTCEiGCmICCMplcCkIwwR11mOSD9CR5u+IXYdiseeEuXCVAjS54zqwkLcPNnmU4OeJ6tUrWhDw==",
      "peer": true,
      "engines": {
        "node": ">=0.10.0"
      }
    },
    "node_modules/vue": {
      "version": "2.7.14",
      "resolved": "https://registry.npmjs.org/vue/-/vue-2.7.14.tgz",
      "integrity": "sha512-b2qkFyOM0kwqWFuQmgd4o+uHGU7T+2z3T+WQp8UBjADfEv2n4FEMffzBmCKNP0IGzOEEfYjvtcC62xaSKeQDrQ==",
      "peer": true,
      "dependencies": {
        "@vue/compiler-sfc": "2.7.14",
        "csstype": "^3.1.0"
      }
    },
    "node_modules/vue-class-component": {
      "version": "7.2.6",
      "resolved": "https://registry.npmjs.org/vue-class-component/-/vue-class-component-7.2.6.tgz",
      "integrity": "sha512-+eaQXVrAm/LldalI272PpDe3+i4mPis0ORiMYxF6Ae4hyuCh15W8Idet7wPUEs4N4YptgFHGys4UrgNQOMyO6w==",
      "peer": true,
      "peerDependencies": {
        "vue": "^2.0.0"
      }
    },
    "node_modules/vue-property-decorator": {
      "version": "9.1.2",
      "resolved": "https://registry.npmjs.org/vue-property-decorator/-/vue-property-decorator-9.1.2.tgz",
      "integrity": "sha512-xYA8MkZynPBGd/w5QFJ2d/NM0z/YeegMqYTphy7NJQXbZcuU6FC6AOdUAcy4SXP+YnkerC6AfH+ldg7PDk9ESQ==",
      "peerDependencies": {
        "vue": "*",
        "vue-class-component": "*"
      }
    }
  },
  "dependencies": {
    "@babel/parser": {
      "version": "7.21.4",
      "resolved": "https://registry.npmjs.org/@babel/parser/-/parser-7.21.4.tgz",
      "integrity": "sha512-alVJj7k7zIxqBZ7BTRhz0IqJFxW1VJbm6N8JbcYhQ186df9ZBPbZBmWSqAMXwHGsCJdYks7z/voa3ibiS5bCIw==",
      "peer": true
    },
    "@vue/compiler-sfc": {
      "version": "2.7.14",
      "resolved": "https://registry.npmjs.org/@vue/compiler-sfc/-/compiler-sfc-2.7.14.tgz",
      "integrity": "sha512-aNmNHyLPsw+sVvlQFQ2/8sjNuLtK54TC6cuKnVzAY93ks4ZBrvwQSnkkIh7bsbNhum5hJBS00wSDipQ937f5DA==",
      "peer": true,
      "requires": {
        "@babel/parser": "^7.18.4",
        "postcss": "^8.4.14",
        "source-map": "^0.6.1"
      }
    },
    "csstype": {
      "version": "3.1.2",
      "resolved": "https://registry.npmjs.org/csstype/-/csstype-3.1.2.tgz",
      "integrity": "sha512-I7K1Uu0MBPzaFKg4nI5Q7Vs2t+3gWWW648spaF+Rg7pI9ds18Ugn+lvg4SHczUdKlHI5LWBXyqfS8+DufyBsgQ==",
      "peer": true
    },
    "nanoid": {
      "version": "3.3.6",
      "resolved": "https://registry.npmjs.org/nanoid/-/nanoid-3.3.6.tgz",
      "integrity": "sha512-BGcqMMJuToF7i1rt+2PWSNVnWIkGCU78jBG3RxO/bZlnZPK2Cmi2QaffxGO/2RvWi9sL+FAiRiXMgsyxQ1DIDA==",
      "peer": true
    },
    "picocolors": {
      "version": "1.0.0",
      "resolved": "https://registry.npmjs.org/picocolors/-/picocolors-1.0.0.tgz",
      "integrity": "sha512-1fygroTLlHu66zi26VoTDv8yRgm0Fccecssto+MhsZ0D/DGW2sm8E8AjW7NU5VVTRt5GxbeZ5qBuJr+HyLYkjQ==",
      "peer": true
    },
    "postcss": {
      "version": "8.4.23",
      "resolved": "https://registry.npmjs.org/postcss/-/postcss-8.4.23.tgz",
      "integrity": "sha512-bQ3qMcpF6A/YjR55xtoTr0jGOlnPOKAIMdOWiv0EIT6HVPEaJiJB4NLljSbiHoC2RX7DN5Uvjtpbg1NPdwv1oA==",
      "peer": true,
      "requires": {
        "nanoid": "^3.3.6",
        "picocolors": "^1.0.0",
        "source-map-js": "^1.0.2"
      }
    },
    "source-map": {
      "version": "0.6.1",
      "resolved": "https://registry.npmjs.org/source-map/-/source-map-0.6.1.tgz",
      "integrity": "sha512-UjgapumWlbMhkBgzT7Ykc5YXUT46F0iKu8SGXq0bcwP5dz/h0Plj6enJqjz1Zbq2l5WaqYnrVbwWOWMyF3F47g==",
      "peer": true
    },
    "source-map-js": {
      "version": "1.0.2",
      "resolved": "https://registry.npmjs.org/source-map-js/-/source-map-js-1.0.2.tgz",
      "integrity": "sha512-R0XvVJ9WusLiqTCEiGCmICCMplcCkIwwR11mOSD9CR5u+IXYdiseeEuXCVAjS54zqwkLcPNnmU4OeJ6tUrWhDw==",
      "peer": true
    },
    "vue": {
      "version": "2.7.14",
      "resolved": "https://registry.npmjs.org/vue/-/vue-2.7.14.tgz",
      "integrity": "sha512-b2qkFyOM0kwqWFuQmgd4o+uHGU7T+2z3T+WQp8UBjADfEv2n4FEMffzBmCKNP0IGzOEEfYjvtcC62xaSKeQDrQ==",
      "peer": true,
      "requires": {
        "@vue/compiler-sfc": "2.7.14",
        "csstype": "^3.1.0"
      }
    },
    "vue-class-component": {
      "version": "7.2.6",
      "resolved": "https://registry.npmjs.org/vue-class-component/-/vue-class-component-7.2.6.tgz",
      "integrity": "sha512-+eaQXVrAm/LldalI272PpDe3+i4mPis0ORiMYxF6Ae4hyuCh15W8Idet7wPUEs4N4YptgFHGys4UrgNQOMyO6w==",
      "peer": true,
      "requires": {}
    },
    "vue-property-decorator": {
      "version": "9.1.2",
      "resolved": "https://registry.npmjs.org/vue-property-decorator/-/vue-property-decorator-9.1.2.tgz",
      "integrity": "sha512-xYA8MkZynPBGd/w5QFJ2d/NM0z/YeegMqYTphy7NJQXbZcuU6FC6AOdUAcy4SXP+YnkerC6AfH+ldg7PDk9ESQ==",
      "requires": {}
    }
  }
}
